
Microsoft Visual Studio Solution File, Format Version 12.00
Project("{FAE04EC0-301F-11D3-BF4B-00C04F79EFBC}") = "TestsInDockerSample", "TestsInDockerSample\TestsInDockerSample.csproj", "{D976FC9D-87B2-44C5-BDD9-F978C52E4D26}"
EndProject
Global
	GlobalSection(SolutionConfigurationPlatforms) = preSolution
		Debug|Any CPU = Debug|Any CPU
		Release|Any CPU = Release|Any CPU
	EndGlobalSection
	GlobalSection(ProjectConfigurationPlatforms) = postSolution
		{D976FC9D-87B2-44C5-BDD9-F978C52E4D26}.Debug|Any CPU.ActiveCfg = Debug|Any CPU
		{D976FC9D-87B2-44C5-BDD9-F978C52E4D26}.Debug|Any CPU.Build.0 = Debug|Any CPU
		{D976FC9D-87B2-44C5-BDD9-F978C52E4D26}.Release|Any CPU.ActiveCfg = Release|Any CPU
		{D976FC9D-87B2-44C5-BDD9-F978C52E4D26}.Release|Any CPU.Build.0 = Release|Any CPU
	EndGlobalSection
EndGlobal
